<?xml version="1.0" encoding="utf-8"?>
<Project ToolsVersion="4.0" xmlns="http://schemas.microsoft.com/developer/msbuild/2003">
  <ItemGroup>
    <Filter Include="Source Files">
      <UniqueIdentifier>{4FC737F1-C7A5-4376-A066-2A32D752A2FF}</UniqueIdentifier>
      <Extensions>cpp;c;cc;cxx;def;odl;idl;hpj;bat;asm;asmx</Extensions>
    </Filter>
    <Filter Include="Header Files">
      <UniqueIdentifier>{93995380-89BD-4b04-88EB-625FBE52EBFB}</UniqueIdentifier>
      <Extensions>h;hh;hpp;hxx;hm;inl;inc;xsd</Extensions>
    </Filter>
    <Filter Include="Resource Files">
      <UniqueIdentifier>{67DA6AB6-F800-4c08-8B7A-83BB121AAD01}</UniqueIdentifier>
      <Extensions>rc;ico;cur;bmp;dlg;rc2;rct;bin;rgs;gif;jpg;jpeg;jpe;resx;tiff;tif;png;wav;mfcribbon-ms</Extensions>
    </Filter>
    <Filter Include="Source Files\Actions">
      <UniqueIdentifier>{b6fe2839-39be-47a7-a1cb-4c28aa055234}</UniqueIdentifier>
    </Filter>
    <Filter Include="Source Files\Actors">
      <UniqueIdentifier>{b96abc4c-3224-4101-bb1d-05c63cf7a1ca}</UniqueIdentifier>
    </Filter>
    <Filter Include="Source Files\GOAP">
      <UniqueIdentifier>{3b87f3ea-5001-410b-81ec-442ac757b3d5}</UniqueIdentifier>
    </Filter>
    <Filter Include="Source Files\Actions\fate">
      <UniqueIdentifier>{93582da0-c494-45ea-a293-347024df6ece}</UniqueIdentifier>
    </Filter>
    <Filter Include="Source Files\Actions\generic">
      <UniqueIdentifier>{84f0a760-1f40-4193-bbcc-6e85ad356ad3}</UniqueIdentifier>
    </Filter>
    <Filter Include="Source Files\Actions\Riding Hood">
      <UniqueIdentifier>{7b20d362-3f39-456d-9ce5-dfcc85e0a9f1}</UniqueIdentifier>
    </Filter>
    <Filter Include="Source Files\Actions\Riding Hood\Wolf">
      <UniqueIdentifier>{7fb9c82b-fb4d-44fd-8152-54829ac87b04}</UniqueIdentifier>
    </Filter>
    <Filter Include="Source Files\Actions\Riding Hood\Lumberjack">
      <UniqueIdentifier>{73639851-9792-4ea0-b720-d7a5ee197740}</UniqueIdentifier>
    </Filter>
    <Filter Include="Source Files\Actions\Riding Hood\Red">
      <UniqueIdentifier>{f5f58f8b-52b8-4980-8607-03da242196f7}</UniqueIdentifier>
    </Filter>
    <Filter Include="Source Files\Actions\Riding Hood\Grandma">
      <UniqueIdentifier>{3995c0a1-448f-4fc5-ac34-33e7166ff5bd}</UniqueIdentifier>
    </Filter>
    <Filter Include="Source Files\Actions\travel">
      <UniqueIdentifier>{4b20db17-0ce2-4783-bf97-0eaafe6fafaf}</UniqueIdentifier>
    </Filter>
  </ItemGroup>
  <ItemGroup>
    <Text Include="ReadMe.txt" />
    <Text Include="Assets\c_lumberjack.txt">
      <Filter>Resource Files</Filter>
    </Text>
    <Text Include="Assets\c_wolf.txt">
      <Filter>Resource Files</Filter>
    </Text>
    <Text Include="Assets\c_grandma.txt">
      <Filter>Resource Files</Filter>
    </Text>
  </ItemGroup>
  <ItemGroup>
    <ClInclude Include="stdafx.h">
      <Filter>Header Files</Filter>
    </ClInclude>
    <ClInclude Include="targetver.h">
      <Filter>Header Files</Filter>
    </ClInclude>
    <ClInclude Include="Actor.h">
      <Filter>Source Files\Actors</Filter>
    </ClInclude>
    <ClInclude Include="DramaManager.h">
      <Filter>Source Files\Actors</Filter>
    </ClInclude>
    <ClInclude Include="NPC_Actor.h">
      <Filter>Source Files\Actors</Filter>
    </ClInclude>
    <ClInclude Include="Player_Actor.h">
      <Filter>Source Files\Actors</Filter>
    </ClInclude>
    <ClInclude Include="Engine.h">
      <Filter>Source Files</Filter>
    </ClInclude>
    <ClInclude Include="HistoryBook.h">
      <Filter>Source Files</Filter>
    </ClInclude>
    <ClInclude Include="Input.h">
      <Filter>Source Files</Filter>
    </ClInclude>
    <ClInclude Include="Menu.h">
      <Filter>Source Files</Filter>
    </ClInclude>
    <ClInclude Include="Option.h">
      <Filter>Source Files</Filter>
    </ClInclude>
    <ClInclude Include="Planner.h">
      <Filter>Source Files\GOAP</Filter>
    </ClInclude>
    <ClInclude Include="WorldState.h">
      <Filter>Source Files\GOAP</Filter>
    </ClInclude>
    <ClInclude Include="WorldStateProperty.h">
      <Filter>Source Files\GOAP</Filter>
    </ClInclude>
    <ClInclude Include="Goal.h">
      <Filter>Source Files\GOAP</Filter>
    </ClInclude>
    <ClInclude Include="Insult.h">
      <Filter>Source Files\Actions\generic</Filter>
    </ClInclude>
    <ClInclude Include="Intervene.h">
      <Filter>Source Files\Actions\generic</Filter>
    </ClInclude>
    <ClInclude Include="OK.h">
      <Filter>Source Files\Actions\generic</Filter>
    </ClInclude>
    <ClInclude Include="Punch.h">
      <Filter>Source Files\Actions\generic</Filter>
    </ClInclude>
    <ClInclude Include="Action.h">
      <Filter>Source Files\Actions</Filter>
    </ClInclude>
    <ClInclude Include="ActionTargeted.h">
      <Filter>Source Files\Actions</Filter>
    </ClInclude>
    <ClInclude Include="BeginStory.h">
      <Filter>Source Files\Actions\fate</Filter>
    </ClInclude>
    <ClInclude Include="Prepare.h">
      <Filter>Source Files\Actions\fate</Filter>
    </ClInclude>
    <ClInclude Include="Hug.h">
      <Filter>Source Files\Actions\generic</Filter>
    </ClInclude>
    <ClInclude Include="BoundedNum.h">
      <Filter>Source Files\Actors</Filter>
    </ClInclude>
    <ClInclude Include="Stage.h">
      <Filter>Source Files</Filter>
    </ClInclude>
    <ClInclude Include="BeginLRR.h">
      <Filter>Source Files\Actions\fate</Filter>
    </ClInclude>
    <ClInclude Include="LogOnStump.h">
      <Filter>Source Files\Actions\Riding Hood\Lumberjack</Filter>
    </ClInclude>
    <ClInclude Include="GrabLog.h">
      <Filter>Source Files\Actions\Riding Hood\Lumberjack</Filter>
    </ClInclude>
    <ClInclude Include="ChopLog.h">
      <Filter>Source Files\Actions\Riding Hood\Lumberjack</Filter>
    </ClInclude>
    <ClInclude Include="QueryIdentity.h">
      <Filter>Source Files\Actions\Riding Hood\Wolf</Filter>
    </ClInclude>
    <ClInclude Include="QueryPurpose.h">
      <Filter>Source Files\Actions\Riding Hood\Wolf</Filter>
    </ClInclude>
    <ClInclude Include="QueryBasket.h">
      <Filter>Source Files\Actions\Riding Hood\Wolf</Filter>
    </ClInclude>
    <ClInclude Include="Observe.h">
      <Filter>Source Files\Actions\Riding Hood\Red</Filter>
    </ClInclude>
    <ClInclude Include="PickFlowers.h">
      <Filter>Source Files\Actions\Riding Hood\Red</Filter>
    </ClInclude>
    <ClInclude Include="WolfGreetRed.h">
      <Filter>Source Files\Actions\Riding Hood\Wolf</Filter>
    </ClInclude>
    <ClInclude Include="WalkPath.h">
      <Filter>Source Files\Actions\Riding Hood\Red</Filter>
    </ClInclude>
    <ClInclude Include="Answer.h">
      <Filter>Source Files\Actions\Riding Hood\Red</Filter>
    </ClInclude>
    <ClInclude Include="WolfEat.h">
      <Filter>Source Files\Actions\Riding Hood\Wolf</Filter>
    </ClInclude>
    <ClInclude Include="SuggestFlowers.h">
      <Filter>Source Files\Actions\Riding Hood\Wolf</Filter>
    </ClInclude>
    <ClInclude Include="WolfDisguise.h">
      <Filter>Source Files\Actions\Riding Hood\Wolf</Filter>
    </ClInclude>
    <ClInclude Include="RequestEntry.h">
      <Filter>Source Files\Actions\Riding Hood</Filter>
    </ClInclude>
    <ClInclude Include="Intimidate.h">
      <Filter>Source Files\Actions\Riding Hood\Wolf</Filter>
    </ClInclude>
    <ClInclude Include="GoHome.h">
      <Filter>Source Files\Actions\Riding Hood\Red</Filter>
    </ClInclude>
    <ClInclude Include="OpenDoor.h">
      <Filter>Source Files\Actions\Riding Hood\Grandma</Filter>
    </ClInclude>
    <ClInclude Include="GiveFood.h">
      <Filter>Source Files\Actions\Riding Hood\Red</Filter>
    </ClInclude>
    <ClInclude Include="WolfEatLunch.h">
      <Filter>Source Files\Actions\Riding Hood\Wolf</Filter>
    </ClInclude>
    <ClInclude Include="Apologize.h">
      <Filter>Source Files\Actions\Riding Hood\Red</Filter>
    </ClInclude>
    <ClInclude Include="Arrive.h">
      <Filter>Source Files\Actions\travel</Filter>
    </ClInclude>
    <ClInclude Include="Leave.h">
      <Filter>Source Files\Actions\travel</Filter>
    </ClInclude>
    <ClInclude Include="End.h">
      <Filter>Source Files\Actions\fate</Filter>
    </ClInclude>
    <ClInclude Include="Travel.h">
      <Filter>Source Files\Actions\travel</Filter>
    </ClInclude>
    <ClInclude Include="AskDirections.h">
      <Filter>Source Files\Actions\Riding Hood\Red</Filter>
    </ClInclude>
    <ClInclude Include="Greet.h">
      <Filter>Source Files\Actions\generic</Filter>
    </ClInclude>
    <ClInclude Include="WalkAway.h">
      <Filter>Source Files\Actions\Riding Hood\Red</Filter>
    </ClInclude>
    <ClInclude Include="Forgive.h">
      <Filter>Source Files\Actions\Riding Hood\Grandma</Filter>
    </ClInclude>
    <ClInclude Include="Reprimand.h">
      <Filter>Source Files\Actions\Riding Hood\Grandma</Filter>
    </ClInclude>
    <ClInclude Include="Kiss.h">
      <Filter>Source Files\Actions\Riding Hood\Grandma</Filter>
    </ClInclude>
    <ClInclude Include="Ignore.h">
      <Filter>Source Files\Actions\Riding Hood\Red</Filter>
    </ClInclude>
    <ClInclude Include="Thank.h">
      <Filter>Source Files\Actions\generic</Filter>
    </ClInclude>
    <ClInclude Include="Flee.h">
      <Filter>Source Files\Actions\Riding Hood\Red</Filter>
    </ClInclude>
    <ClInclude Include="GiveWrongDirections.h">
      <Filter>Source Files\Actions\Riding Hood</Filter>
    </ClInclude>
    <ClInclude Include="GiveDirections.h">
      <Filter>Source Files\Actions\Riding Hood</Filter>
    </ClInclude>
    <ClInclude Include="GiveFlowers.h">
      <Filter>Source Files\Actions\Riding Hood\Red</Filter>
    </ClInclude>
    <ClInclude Include="RequestEscort.h">
      <Filter>Source Files\Actions\Riding Hood\Red</Filter>
    </ClInclude>
    <ClInclude Include="AgreeEscort.h">
      <Filter>Source Files\Actions\Riding Hood\Lumberjack</Filter>
    </ClInclude>
    <ClInclude Include="RefuseEscort.h">
      <Filter>Source Files\Actions\Riding Hood\Lumberjack</Filter>
    </ClInclude>
    <ClInclude Include="KillWolf.h">
      <Filter>Source Files\Actions\Riding Hood</Filter>
    </ClInclude>
    <ClInclude Include="SplashScreen.h">
      <Filter>Source Files</Filter>
    </ClInclude>
  </ItemGroup>
  <ItemGroup>
    <ClCompile Include="stdafx.cpp">
      <Filter>Source Files</Filter>
    </ClCompile>
    <ClCompile Include="CSE.cpp">
      <Filter>Source Files</Filter>
    </ClCompile>
    <ClCompile Include="Actor.cpp">
      <Filter>Source Files\Actors</Filter>
    </ClCompile>
    <ClCompile Include="DramaManager.cpp">
      <Filter>Source Files\Actors</Filter>
    </ClCompile>
    <ClCompile Include="NPC_Actor.cpp">
      <Filter>Source Files\Actors</Filter>
    </ClCompile>
    <ClCompile Include="Player_Actor.cpp">
      <Filter>Source Files\Actors</Filter>
    </ClCompile>
    <ClCompile Include="Engine.cpp">
      <Filter>Source Files</Filter>
    </ClCompile>
    <ClCompile Include="HistoryBook.cpp">
      <Filter>Source Files</Filter>
    </ClCompile>
    <ClCompile Include="Menu.cpp">
      <Filter>Source Files</Filter>
    </ClCompile>
    <ClCompile Include="Option.cpp">
      <Filter>Source Files</Filter>
    </ClCompile>
    <ClCompile Include="Planner.cpp">
      <Filter>Source Files\GOAP</Filter>
    </ClCompile>
    <ClCompile Include="WorldState.cpp">
      <Filter>Source Files\GOAP</Filter>
    </ClCompile>
    <ClCompile Include="Input.cpp">
      <Filter>Source Files</Filter>
    </ClCompile>
    <ClCompile Include="Goal.cpp">
      <Filter>Source Files\GOAP</Filter>
    </ClCompile>
    <ClCompile Include="Insult.cpp">
      <Filter>Source Files\Actions\generic</Filter>
    </ClCompile>
    <ClCompile Include="Intervene.cpp">
      <Filter>Source Files\Actions\generic</Filter>
    </ClCompile>
    <ClCompile Include="OK.cpp">
      <Filter>Source Files\Actions\generic</Filter>
    </ClCompile>
    <ClCompile Include="Punch.cpp">
      <Filter>Source Files\Actions\generic</Filter>
    </ClCompile>
    <ClCompile Include="Action.cpp">
      <Filter>Source Files\Actions</Filter>
    </ClCompile>
    <ClCompile Include="ActionTargeted.cpp">
      <Filter>Source Files\Actions</Filter>
    </ClCompile>
    <ClCompile Include="BeginStory.cpp">
      <Filter>Source Files\Actions\fate</Filter>
    </ClCompile>
    <ClCompile Include="Prepare.cpp">
      <Filter>Source Files\Actions\fate</Filter>
    </ClCompile>
    <ClCompile Include="Hug.cpp">
      <Filter>Source Files\Actions\generic</Filter>
    </ClCompile>
    <ClCompile Include="Bounded.cpp">
      <Filter>Source Files\Actors</Filter>
    </ClCompile>
    <ClCompile Include="Stage.cpp">
      <Filter>Source Files</Filter>
    </ClCompile>
    <ClCompile Include="BeginLRR.cpp">
      <Filter>Source Files\Actions\fate</Filter>
    </ClCompile>
    <ClCompile Include="LogOnStump.cpp">
      <Filter>Source Files\Actions\Riding Hood\Lumberjack</Filter>
    </ClCompile>
    <ClCompile Include="GrabLog.cpp">
      <Filter>Source Files\Actions\Riding Hood\Lumberjack</Filter>
    </ClCompile>
    <ClCompile Include="ChopLog.cpp">
      <Filter>Source Files\Actions\Riding Hood\Lumberjack</Filter>
    </ClCompile>
    <ClCompile Include="QueryIdentity.cpp">
      <Filter>Source Files\Actions\Riding Hood\Wolf</Filter>
    </ClCompile>
    <ClCompile Include="QueryPurpose.cpp">
      <Filter>Source Files\Actions\Riding Hood\Wolf</Filter>
    </ClCompile>
    <ClCompile Include="QueryBasket.cpp">
      <Filter>Source Files\Actions\Riding Hood\Wolf</Filter>
    </ClCompile>
    <ClCompile Include="WolfGreetRed.cpp">
      <Filter>Source Files\Actions\Riding Hood\Wolf</Filter>
    </ClCompile>
    <ClCompile Include="Observe.cpp">
      <Filter>Source Files\Actions\Riding Hood\Red</Filter>
    </ClCompile>
    <ClCompile Include="PickFlowers.cpp">
      <Filter>Source Files\Actions\Riding Hood\Red</Filter>
    </ClCompile>
    <ClCompile Include="WalkPath.cpp">
      <Filter>Source Files\Actions\Riding Hood\Red</Filter>
    </ClCompile>
    <ClCompile Include="Answer.cpp">
      <Filter>Source Files\Actions\Riding Hood\Red</Filter>
    </ClCompile>
    <ClCompile Include="WolfEat.cpp">
      <Filter>Source Files\Actions\Riding Hood\Wolf</Filter>
    </ClCompile>
    <ClCompile Include="SuggestFlowers.cpp">
      <Filter>Source Files\Actions\Riding Hood\Wolf</Filter>
    </ClCompile>
    <ClCompile Include="RequestEntry.cpp">
      <Filter>Source Files\Actions\Riding Hood</Filter>
    </ClCompile>
    <ClCompile Include="WolfDisguise.cpp">
      <Filter>Source Files\Actions\Riding Hood\Wolf</Filter>
    </ClCompile>
    <ClCompile Include="Intimidate.cpp">
      <Filter>Source Files\Actions\Riding Hood\Wolf</Filter>
    </ClCompile>
    <ClCompile Include="GoHome.cpp">
      <Filter>Source Files\Actions\Riding Hood\Red</Filter>
    </ClCompile>
    <ClCompile Include="OpenDoor.cpp">
      <Filter>Source Files\Actions\Riding Hood\Grandma</Filter>
    </ClCompile>
    <ClCompile Include="GiveFood.cpp">
      <Filter>Source Files\Actions\Riding Hood\Red</Filter>
    </ClCompile>
    <ClCompile Include="WolfEatLunch.cpp">
      <Filter>Source Files\Actions\Riding Hood\Wolf</Filter>
    </ClCompile>
    <ClCompile Include="Apologize.cpp">
      <Filter>Source Files\Actions\Riding Hood\Red</Filter>
    </ClCompile>
    <ClCompile Include="End.cpp">
      <Filter>Source Files\Actions\fate</Filter>
    </ClCompile>
    <ClCompile Include="Leave.cpp">
      <Filter>Source Files\Actions\travel</Filter>
    </ClCompile>
    <ClCompile Include="Arrive.cpp">
      <Filter>Source Files\Actions\travel</Filter>
    </ClCompile>
    <ClCompile Include="Travel.cpp">
      <Filter>Source Files\Actions\travel</Filter>
    </ClCompile>
    <ClCompile Include="AskDirections.cpp">
      <Filter>Source Files\Actions\Riding Hood\Red</Filter>
    </ClCompile>
    <ClCompile Include="Greet.cpp">
      <Filter>Source Files\Actions\generic</Filter>
    </ClCompile>
    <ClCompile Include="WalkAway.cpp">
      <Filter>Source Files\Actions\Riding Hood\Red</Filter>
    </ClCompile>
    <ClCompile Include="Forgive.cpp">
      <Filter>Source Files\Actions\Riding Hood\Grandma</Filter>
    </ClCompile>
    <ClCompile Include="Reprimand.cpp">
      <Filter>Source Files\Actions\Riding Hood\Grandma</Filter>
    </ClCompile>
    <ClCompile Include="Kiss.cpp">
      <Filter>Source Files\Actions\Riding Hood\Grandma</Filter>
    </ClCompile>
    <ClCompile Include="Ignore.cpp">
      <Filter>Source Files\Actions\Riding Hood\Red</Filter>
    </ClCompile>
    <ClCompile Include="Thank.cpp">
      <Filter>Source Files\Actions\generic</Filter>
    </ClCompile>
    <ClCompile Include="Flee.cpp">
      <Filter>Source Files\Actions\Riding Hood\Red</Filter>
    </ClCompile>
    <ClCompile Include="GiveWrongDirections.cpp">
      <Filter>Source Files\Actions\Riding Hood</Filter>
    </ClCompile>
    <ClCompile Include="GiveDirections.cpp">
      <Filter>Source Files\Actions\Riding Hood</Filter>
    </ClCompile>
    <ClCompile Include="GiveFlowers.cpp">
      <Filter>Source Files\Actions\Riding Hood\Red</Filter>
    </ClCompile>
    <ClCompile Include="RequestEscort.cpp">
      <Filter>Source Files\Actions\Riding Hood\Red</Filter>
    </ClCompile>
    <ClCompile Include="AgreeEscort.cpp">
      <Filter>Source Files\Actions\Riding Hood\Lumberjack</Filter>
    </ClCompile>
    <ClCompile Include="RefuseEscort.cpp">
      <Filter>Source Files\Actions\Riding Hood\Lumberjack</Filter>
    </ClCompile>
    <ClCompile Include="KillWolf.cpp">
      <Filter>Source Files\Actions\Riding Hood\Lumberjack</Filter>
    </ClCompile>
    <ClCompile Include="SplashScreen.cpp">
      <Filter>Source Files</Filter>
    </ClCompile>
  </ItemGroup>
  <ItemGroup>
    <None Include="ClassDiagram.cd" />
  </ItemGroup>
  <ItemGroup>
    <Image Include="Assets\i_grandma.png">
      <Filter>Resource Files</Filter>
    </Image>
    <Image Include="Assets\i_lumberjack.png">
      <Filter>Resource Files</Filter>
    </Image>
    <Image Include="Assets\i_wolf.png">
      <Filter>Resource Files</Filter>
    </Image>
    <Image Include="Assets\l_cabin.png">
      <Filter>Resource Files</Filter>
    </Image>
    <Image Include="Assets\l_forest.png">
      <Filter>Resource Files</Filter>
    </Image>
    <Image Include="Assets\l_lodge.png">
      <Filter>Resource Files</Filter>
    </Image>
    <Image Include="Assets\l_path.png">
      <Filter>Resource Files</Filter>
    </Image>
    <Image Include="Assets\menu.png">
      <Filter>Resource Files</Filter>
    </Image>
    <Image Include="Assets\menupressed.png">
      <Filter>Resource Files</Filter>
    </Image>
    <Image Include="Assets\menuUnavailable.png">
      <Filter>Resource Files</Filter>
    </Image>
    <Image Include="Assets\stage.png">
      <Filter>Resource Files</Filter>
    </Image>
    <Image Include="Assets\text frame2.png">
      <Filter>Resource Files</Filter>
    </Image>
    <Image Include="Assets\splash.png">
      <Filter>Resource Files</Filter>
    </Image>
  </ItemGroup>
  <ItemGroup>
    <Font Include="Assets\arial.ttf">
      <Filter>Resource Files</Filter>
    </Font>
  </ItemGroup>
</Project>